
Microsoft Visual Studio Solution File, Format Version 12.00
# Visual Studio Version 17
VisualStudioVersion = 17.13.35919.96
MinimumVisualStudioVersion = 10.0.40219.1
Project("{8BC9CEB8-8B4A-11D0-8D11-00A0C91BC942}") = "HelloGLFW", "HelloGLFW\HelloGLFW.vcxproj", "{424F5BF3-A4A7-46A6-88DD-9E45F1B5778A}"
EndProject
Project("{8BC9CEB8-8B4A-11D0-8D11-00A0C91BC942}") = "HelloApplication", "HelloApplication\HelloApplication.vcxproj", "{446FA828-8A70-4428-93D9-D2F9F693D64B}"
EndProject
Project("{8BC9CEB8-8B4A-11D0-8D11-00A0C91BC942}") = "HelloTriangle", "HelloTriangle\HelloTriangle.vcxproj", "{408ABC45-08F9-47D0-BF1C-F504481BC0EF}"
EndProject
Project("{8BC9CEB8-8B4A-11D0-8D11-00A0C91BC942}") = "Plane", "Plane\Plane.vcxproj", "{F55E21E7-CEEA-4D8C-88E6-75FFAF4EC2A4}"
EndProject
Project("{8BC9CEB8-8B4A-11D0-8D11-00A0C91BC942}") = "ADS", "ADS\ADS.vcxproj", "{9FBF996E-3300-407A-A681-07CFB3F5CE0B}"
EndProject
Project("{8BC9CEB8-8B4A-11D0-8D11-00A0C91BC942}") = "Texture", "Texture\Texture.vcxproj", "{278EE405-197C-4EE6-96FC-CD03F991B83B}"
EndProject
Project("{8BC9CEB8-8B4A-11D0-8D11-00A0C91BC942}") = "HeightMap", "HeightMap\HeightMap.vcxproj", "{3D44C9DB-68CB-47D5-A5BB-60780D6742DC}"
EndProject
Project("{8BC9CEB8-8B4A-11D0-8D11-00A0C91BC942}") = "BumpMapping", "BumpMapping\BumpMapping.vcxproj", "{1961F4F5-29F8-4DCA-95C7-F31DDC9C2FF5}"
EndProject
Project("{8BC9CEB8-8B4A-11D0-8D11-00A0C91BC942}") = "FPS", "FPS\FPS.vcxproj", "{B88D8960-9ADE-428A-91AF-89FF1340F3B2}"
EndProject
Global
	GlobalSection(SolutionConfigurationPlatforms) = preSolution
		Debug|x64 = Debug|x64
		Debug|x86 = Debug|x86
		Release|x64 = Release|x64
		Release|x86 = Release|x86
	EndGlobalSection
	GlobalSection(ProjectConfigurationPlatforms) = postSolution
		{424F5BF3-A4A7-46A6-88DD-9E45F1B5778A}.Debug|x64.ActiveCfg = Debug|x64
		{424F5BF3-A4A7-46A6-88DD-9E45F1B5778A}.Debug|x64.Build.0 = Debug|x64
		{424F5BF3-A4A7-46A6-88DD-9E45F1B5778A}.Debug|x86.ActiveCfg = Debug|Win32
		{424F5BF3-A4A7-46A6-88DD-9E45F1B5778A}.Debug|x86.Build.0 = Debug|Win32
		{424F5BF3-A4A7-46A6-88DD-9E45F1B5778A}.Release|x64.ActiveCfg = Release|x64
		{424F5BF3-A4A7-46A6-88DD-9E45F1B5778A}.Release|x64.Build.0 = Release|x64
		{424F5BF3-A4A7-46A6-88DD-9E45F1B5778A}.Release|x86.ActiveCfg = Release|Win32
		{424F5BF3-A4A7-46A6-88DD-9E45F1B5778A}.Release|x86.Build.0 = Release|Win32
		{446FA828-8A70-4428-93D9-D2F9F693D64B}.Debug|x64.ActiveCfg = Debug|x64
		{446FA828-8A70-4428-93D9-D2F9F693D64B}.Debug|x64.Build.0 = Debug|x64
		{446FA828-8A70-4428-93D9-D2F9F693D64B}.Debug|x86.ActiveCfg = Debug|Win32
		{446FA828-8A70-4428-93D9-D2F9F693D64B}.Debug|x86.Build.0 = Debug|Win32
		{446FA828-8A70-4428-93D9-D2F9F693D64B}.Release|x64.ActiveCfg = Release|x64
		{446FA828-8A70-4428-93D9-D2F9F693D64B}.Release|x64.Build.0 = Release|x64
		{446FA828-8A70-4428-93D9-D2F9F693D64B}.Release|x86.ActiveCfg = Release|Win32
		{446FA828-8A70-4428-93D9-D2F9F693D64B}.Release|x86.Build.0 = Release|Win32
		{408ABC45-08F9-47D0-BF1C-F504481BC0EF}.Debug|x64.ActiveCfg = Debug|x64
		{408ABC45-08F9-47D0-BF1C-F504481BC0EF}.Debug|x64.Build.0 = Debug|x64
		{408ABC45-08F9-47D0-BF1C-F504481BC0EF}.Debug|x86.ActiveCfg = Debug|Win32
		{408ABC45-08F9-47D0-BF1C-F504481BC0EF}.Debug|x86.Build.0 = Debug|Win32
		{408ABC45-08F9-47D0-BF1C-F504481BC0EF}.Release|x64.ActiveCfg = Release|x64
		{408ABC45-08F9-47D0-BF1C-F504481BC0EF}.Release|x64.Build.0 = Release|x64
		{408ABC45-08F9-47D0-BF1C-F504481BC0EF}.Release|x86.ActiveCfg = Release|Win32
		{408ABC45-08F9-47D0-BF1C-F504481BC0EF}.Release|x86.Build.0 = Release|Win32
		{F55E21E7-CEEA-4D8C-88E6-75FFAF4EC2A4}.Debug|x64.ActiveCfg = Debug|x64
		{F55E21E7-CEEA-4D8C-88E6-75FFAF4EC2A4}.Debug|x64.Build.0 = Debug|x64
		{F55E21E7-CEEA-4D8C-88E6-75FFAF4EC2A4}.Debug|x86.ActiveCfg = Debug|Win32
		{F55E21E7-CEEA-4D8C-88E6-75FFAF4EC2A4}.Debug|x86.Build.0 = Debug|Win32
		{F55E21E7-CEEA-4D8C-88E6-75FFAF4EC2A4}.Release|x64.ActiveCfg = Release|x64
		{F55E21E7-CEEA-4D8C-88E6-75FFAF4EC2A4}.Release|x64.Build.0 = Release|x64
		{F55E21E7-CEEA-4D8C-88E6-75FFAF4EC2A4}.Release|x86.ActiveCfg = Release|Win32
		{F55E21E7-CEEA-4D8C-88E6-75FFAF4EC2A4}.Release|x86.Build.0 = Release|Win32
		{9FBF996E-3300-407A-A681-07CFB3F5CE0B}.Debug|x64.ActiveCfg = Debug|x64
		{9FBF996E-3300-407A-A681-07CFB3F5CE0B}.Debug|x64.Build.0 = Debug|x64
		{9FBF996E-3300-407A-A681-07CFB3F5CE0B}.Debug|x86.ActiveCfg = Debug|Win32
		{9FBF996E-3300-407A-A681-07CFB3F5CE0B}.Debug|x86.Build.0 = Debug|Win32
		{9FBF996E-3300-407A-A681-07CFB3F5CE0B}.Release|x64.ActiveCfg = Release|x64
		{9FBF996E-3300-407A-A681-07CFB3F5CE0B}.Release|x64.Build.0 = Release|x64
		{9FBF996E-3300-407A-A681-07CFB3F5CE0B}.Release|x86.ActiveCfg = Release|Win32
		{9FBF996E-3300-407A-A681-07CFB3F5CE0B}.Release|x86.Build.0 = Release|Win32
		{278EE405-197C-4EE6-96FC-CD03F991B83B}.Debug|x64.ActiveCfg = Debug|x64
		{278EE405-197C-4EE6-96FC-CD03F991B83B}.Debug|x64.Build.0 = Debug|x64
		{278EE405-197C-4EE6-96FC-CD03F991B83B}.Debug|x86.ActiveCfg = Debug|Win32
		{278EE405-197C-4EE6-96FC-CD03F991B83B}.Debug|x86.Build.0 = Debug|Win32
		{278EE405-197C-4EE6-96FC-CD03F991B83B}.Release|x64.ActiveCfg = Release|x64
		{278EE405-197C-4EE6-96FC-CD03F991B83B}.Release|x64.Build.0 = Release|x64
		{278EE405-197C-4EE6-96FC-CD03F991B83B}.Release|x86.ActiveCfg = Release|Win32
		{278EE405-197C-4EE6-96FC-CD03F991B83B}.Release|x86.Build.0 = Release|Win32
		{3D44C9DB-68CB-47D5-A5BB-60780D6742DC}.Debug|x64.ActiveCfg = Debug|x64
		{3D44C9DB-68CB-47D5-A5BB-60780D6742DC}.Debug|x64.Build.0 = Debug|x64
		{3D44C9DB-68CB-47D5-A5BB-60780D6742DC}.Debug|x86.ActiveCfg = Debug|Win32
		{3D44C9DB-68CB-47D5-A5BB-60780D6742DC}.Debug|x86.Build.0 = Debug|Win32
		{3D44C9DB-68CB-47D5-A5BB-60780D6742DC}.Release|x64.ActiveCfg = Release|x64
		{3D44C9DB-68CB-47D5-A5BB-60780D6742DC}.Release|x64.Build.0 = Release|x64
		{3D44C9DB-68CB-47D5-A5BB-60780D6742DC}.Release|x86.ActiveCfg = Release|Win32
		{3D44C9DB-68CB-47D5-A5BB-60780D6742DC}.Release|x86.Build.0 = Release|Win32
		{1961F4F5-29F8-4DCA-95C7-F31DDC9C2FF5}.Debug|x64.ActiveCfg = Debug|x64
		{1961F4F5-29F8-4DCA-95C7-F31DDC9C2FF5}.Debug|x64.Build.0 = Debug|x64
		{1961F4F5-29F8-4DCA-95C7-F31DDC9C2FF5}.Debug|x86.ActiveCfg = Debug|Win32
		{1961F4F5-29F8-4DCA-95C7-F31DDC9C2FF5}.Debug|x86.Build.0 = Debug|Win32
		{1961F4F5-29F8-4DCA-95C7-F31DDC9C2FF5}.Release|x64.ActiveCfg = Release|x64
		{1961F4F5-29F8-4DCA-95C7-F31DDC9C2FF5}.Release|x64.Build.0 = Release|x64
		{1961F4F5-29F8-4DCA-95C7-F31DDC9C2FF5}.Release|x86.ActiveCfg = Release|Win32
		{1961F4F5-29F8-4DCA-95C7-F31DDC9C2FF5}.Release|x86.Build.0 = Release|Win32
		{B88D8960-9ADE-428A-91AF-89FF1340F3B2}.Debug|x64.ActiveCfg = Debug|x64
		{B88D8960-9ADE-428A-91AF-89FF1340F3B2}.Debug|x64.Build.0 = Debug|x64
		{B88D8960-9ADE-428A-91AF-89FF1340F3B2}.Debug|x86.ActiveCfg = Debug|Win32
		{B88D8960-9ADE-428A-91AF-89FF1340F3B2}.Debug|x86.Build.0 = Debug|Win32
		{B88D8960-9ADE-428A-91AF-89FF1340F3B2}.Release|x64.ActiveCfg = Release|x64
		{B88D8960-9ADE-428A-91AF-89FF1340F3B2}.Release|x64.Build.0 = Release|x64
		{B88D8960-9ADE-428A-91AF-89FF1340F3B2}.Release|x86.ActiveCfg = Release|Win32
		{B88D8960-9ADE-428A-91AF-89FF1340F3B2}.Release|x86.Build.0 = Release|Win32
	EndGlobalSection
	GlobalSection(SolutionProperties) = preSolution
		HideSolutionNode = FALSE
	EndGlobalSection
	GlobalSection(ExtensibilityGlobals) = postSolution
		SolutionGuid = {4AB16FBC-55C7-41E6-9D61-D970ED5F9042}
	EndGlobalSection
EndGlobal
